schema: '2.0'
stages:
  profile:
    cmd: python -m raglaw.ingest.profile
    deps:
    - path: data/raw/civil_code.pdf
      hash: md5
      md5: 5086ef5f16f15d856278db943e58e948
      size: 2599703
    - path: src/raglaw/ingest/measure.py
      hash: md5
      md5: 230917a4998ec7b84552a75cf781b815
      size: 26149
    - path: src/raglaw/ingest/profile.py
      hash: md5
      md5: 77e4be8715b2d095796758a37ed05bff
      size: 7982
    - path: src/raglaw/ingest/table.py
      hash: md5
      md5: 05a4471486a1aaeb841df68eabcee045
      size: 3269
    outs:
    - path: docs/analysis/source_pdf
      hash: md5
      md5: ab97943993e87ed647ea51558546477c.dir
      size: 74128
      nfiles: 9
    - path: docs/metrics/source_profile.json
      hash: md5
      md5: 22cd96bdadc5ca4c6c791968fe98af59
      size: 657
  extract:
    cmd: python -m raglaw.ingest.extract
    deps:
    - path: data/raw/civil_code.pdf
      hash: md5
      md5: 5086ef5f16f15d856278db943e58e948
      size: 2599703
    - path: docs/metrics/source_profile.json
      hash: md5
      md5: 22cd96bdadc5ca4c6c791968fe98af59
      size: 657
    - path: src/raglaw/ingest/extract.py
      hash: md5
      md5: 3dc78580a528f8d905b4236f7e0ec754
      size: 8002
    - path: src/raglaw/ingest/glyphs.py
      hash: md5
      md5: 75aeb661e989e89b4560febf50131345
      size: 11334
    - path: src/raglaw/ingest/measure.py
      hash: md5
      md5: 230917a4998ec7b84552a75cf781b815
      size: 26149
    - path: src/raglaw/ingest/profile.py
      hash: md5
      md5: 77e4be8715b2d095796758a37ed05bff
      size: 7982
    - path: src/raglaw/ingest/table.py
      hash: md5
      md5: 05a4471486a1aaeb841df68eabcee045
      size: 3269
    - path: src/raglaw/records.py
      hash: md5
      md5: b470051d287b2c26fc47e23ff0baf566
      size: 2991
    - path: src/raglaw/schema.py
      hash: md5
      md5: d036eb970651268b997b486cff28b13f
      size: 7240
    outs:
    - path: data/interim/rows.jsonl
      hash: md5
      md5: 3d6718c8f5dc97694754d7e7af4cafff
      size: 1141283
    - path: docs/metrics/extract.json
      hash: md5
      md5: 9dc835fed4f5e1b257e93fa54d152ea8
      size: 383
  repair:
    cmd: python -m raglaw.ingest.repair
    deps:
    - path: data/errata.yaml
      hash: md5
      md5: 1f3a872b90ac5290bf4a5a4111cb471a
      size: 10095
    - path: data/interim/rows.jsonl
      hash: md5
      md5: 3d6718c8f5dc97694754d7e7af4cafff
      size: 1141283
    - path: src/raglaw/ingest/errata.py
      hash: md5
      md5: 452ef14cd35c5bf2a6db206ee673fbbe
      size: 3494
    - path: src/raglaw/ingest/measure.py
      hash: md5
      md5: 230917a4998ec7b84552a75cf781b815
      size: 26149
    - path: src/raglaw/ingest/profile.py
      hash: md5
      md5: 77e4be8715b2d095796758a37ed05bff
      size: 7982
    - path: src/raglaw/ingest/repair.py
      hash: md5
      md5: e2e59fe9107d3c1a58322b528ed8c325
      size: 10144
    - path: src/raglaw/records.py
      hash: md5
      md5: b470051d287b2c26fc47e23ff0baf566
      size: 2991
    - path: src/raglaw/schema.py
      hash: md5
      md5: d036eb970651268b997b486cff28b13f
      size: 7240
    outs:
    - path: data/interim/rows_repaired.jsonl
      hash: md5
      md5: 6cd116773bd3d6cbce4d2feae38a63ec
      size: 1141095
    - path: docs/metrics/repair.json
      hash: md5
      md5: 89106db30cc8509748d107d894523696
      size: 287
  assemble:
    cmd: python -m raglaw.ingest.assemble
    deps:
    - path: data/interim/rows_repaired.jsonl
      hash: md5
      md5: 6cd116773bd3d6cbce4d2feae38a63ec
      size: 1141095
    - path: src/raglaw/ingest/assemble.py
      hash: md5
      md5: 72842d611737b216b6e554decee9e488
      size: 22263
    - path: src/raglaw/ingest/measure.py
      hash: md5
      md5: 230917a4998ec7b84552a75cf781b815
      size: 26149
    - path: src/raglaw/records.py
      hash: md5
      md5: b470051d287b2c26fc47e23ff0baf566
      size: 2991
    - path: src/raglaw/schema.py
      hash: md5
      md5: d036eb970651268b997b486cff28b13f
      size: 7240
    - path: src/raglaw/text/normalize.py
      hash: md5
      md5: a939c9592ed1cc3d8eb0d84e68e51363
      size: 2457
    params:
      params.yaml:
        root_heading:
          ar: باب تمهيدي / أحكام عامة
          en: Preliminary Chapter / General Provisions
    outs:
    - path: data/corpus/articles.json
      hash: md5
      md5: f5a9010631fb0d008a7048d2bf9e2d00
      size: 1918524
    - path: docs/metrics/assemble.json
      hash: md5
      md5: 5e31832938c24ea26e62e579043dac8d
      size: 278
    - path: docs/reports/heading_tree.txt
      hash: md5
      md5: 7cd8598f33970b40cc444a85215b931b
      size: 26435
  chunk:
    cmd: python -m raglaw.ingest.chunk
    deps:
    - path: data/corpus/articles.json
      hash: md5
      md5: f5a9010631fb0d008a7048d2bf9e2d00
      size: 1918524
    - path: src/raglaw/ingest/chunk.py
      hash: md5
      md5: 4023c155826007d45b56cdc7f3e65127
      size: 22913
    - path: src/raglaw/ingest/loader.py
      hash: md5
      md5: 2d0f1c38040bd995b3ac2e5f91fc0302
      size: 1839
    - path: src/raglaw/records.py
      hash: md5
      md5: b470051d287b2c26fc47e23ff0baf566
      size: 2991
    - path: src/raglaw/retrieval/embeddings.py
      hash: md5
      md5: a7e0368a51253607fbba36288a973843
      size: 3516
    - path: src/raglaw/schema.py
      hash: md5
      md5: d036eb970651268b997b486cff28b13f
      size: 7240
    params:
      params.yaml:
        chunking:
          strategy: structural
          max_chars: 1000
          semantic:
            breakpoint_percentile: 90
          repealed: per_article
        embedding:
          model: BAAI/bge-m3
          revision: 5617a9f61b028005a4858fdac845db406aefb181
          batch_size: 32
    outs:
    - path: data/corpus/chunks.json
      hash: md5
      md5: b1eb6ca43c7642b6c8a190cb3aceeaf7
      size: 2086210
    - path: docs/metrics/chunks.json
      hash: md5
      md5: 69d12002d8f416df31b42ac45e7663cf
      size: 702
  bm25:
    cmd: python -m raglaw.ingest.bm25
    deps:
    - path: data/corpus/chunks.json
      hash: md5
      md5: b1eb6ca43c7642b6c8a190cb3aceeaf7
      size: 2086210
    - path: src/raglaw/ingest/bm25.py
      hash: md5
      md5: 9b2a92489e630782f6273841fd84991e
      size: 5371
    - path: src/raglaw/records.py
      hash: md5
      md5: b470051d287b2c26fc47e23ff0baf566
      size: 2991
    - path: src/raglaw/retrieval/document_text.py
      hash: md5
      md5: 72a918f964ad2ea1b5b7ab7f4e08dcda
      size: 2304
    - path: src/raglaw/retrieval/embeddings.py
      hash: md5
      md5: a7e0368a51253607fbba36288a973843
      size: 3516
    - path: src/raglaw/retrieval/lexical.py
      hash: md5
      md5: d2f384bbf549a82eac195453d6d54f7f
      size: 3784
    - path: src/raglaw/retrieval/manifest.py
      hash: md5
      md5: 4a09952026421d73f918cb65aecacf06
      size: 2263
    - path: src/raglaw/retrieval/tokenize.py
      hash: md5
      md5: f8b0a5f00d1afce2a4b45dd4f7a46d4b
      size: 4195
    - path: src/raglaw/schema.py
      hash: md5
      md5: d036eb970651268b997b486cff28b13f
      size: 7240
    - path: src/raglaw/text/normalize.py
      hash: md5
      md5: a939c9592ed1cc3d8eb0d84e68e51363
      size: 2457
    params:
      params.yaml:
        embedding:
          model: BAAI/bge-m3
          revision: 5617a9f61b028005a4858fdac845db406aefb181
          batch_size: 32
        retrieval.bm25_stopwords: none
        retrieval.bm25_tokenizer: words
        retrieval.document_text: both_with_headings
        retrieval.repealed_text: note
    outs:
    - path: data/index/bm25
      hash: md5
      md5: c9e550c8210a6ae2a5dceaa959c46c5b.dir
      size: 1263382
      nfiles: 6
    - path: docs/metrics/bm25.json
      hash: md5
      md5: e4eba658169c0a772e1709ba744acb31
      size: 228
  embed:
    cmd: python -m raglaw.ingest.embed
    deps:
    - path: data/corpus/chunks.json
      hash: md5
      md5: b1eb6ca43c7642b6c8a190cb3aceeaf7
      size: 2086210
    - path: src/raglaw/ingest/embed.py
      hash: md5
      md5: a401fe1b4b4908d8d23551cb01bc4a43
      size: 6184
    - path: src/raglaw/records.py
      hash: md5
      md5: b470051d287b2c26fc47e23ff0baf566
      size: 2991
    - path: src/raglaw/retrieval/dense.py
      hash: md5
      md5: 559c9b542127d382119ab417767c942a
      size: 3778
    - path: src/raglaw/retrieval/document_text.py
      hash: md5
      md5: 72a918f964ad2ea1b5b7ab7f4e08dcda
      size: 2304
    - path: src/raglaw/retrieval/embeddings.py
      hash: md5
      md5: a7e0368a51253607fbba36288a973843
      size: 3516
    - path: src/raglaw/retrieval/manifest.py
      hash: md5
      md5: 4a09952026421d73f918cb65aecacf06
      size: 2263
    - path: src/raglaw/schema.py
      hash: md5
      md5: d036eb970651268b997b486cff28b13f
      size: 7240
    params:
      params.yaml:
        embedding:
          model: BAAI/bge-m3
          revision: 5617a9f61b028005a4858fdac845db406aefb181
          batch_size: 32
        retrieval.document_text: both_with_headings
        retrieval.repealed_text: note
    outs:
    - path: data/index/dense
      hash: md5
      md5: 9dd195e3780da424289c84380466bdf9.dir
      size: 15176838
      nfiles: 4
    - path: docs/metrics/embed.json
      hash: md5
      md5: 649ccd5e26b235cb1c8f2be8a56f7cc5
      size: 235
  evaluate_retrieval:
    cmd: python -m raglaw.ingest.evaluate_retrieval
    deps:
    - path: data/gold/retrieval_eval.jsonl
      hash: md5
      md5: e240a785db77f06e5a97a7f02385bfba
      size: 58262
    - path: data/index/bm25
      hash: md5
      md5: c9e550c8210a6ae2a5dceaa959c46c5b.dir
      size: 1263382
      nfiles: 6
    - path: data/index/dense
      hash: md5
      md5: 9dd195e3780da424289c84380466bdf9.dir
      size: 15176838
      nfiles: 4
    - path: src/raglaw/ingest/evaluate_retrieval.py
      hash: md5
      md5: 131cefa6ccf8e286c88c58feca27ba55
      size: 15156
    - path: src/raglaw/retrieval/dense.py
      hash: md5
      md5: 559c9b542127d382119ab417767c942a
      size: 3778
    - path: src/raglaw/retrieval/embeddings.py
      hash: md5
      md5: a7e0368a51253607fbba36288a973843
      size: 3516
    - path: src/raglaw/retrieval/fusion.py
      hash: md5
      md5: 5e91f15a95a0c53f4de5d687452e9fbd
      size: 1344
    - path: src/raglaw/retrieval/lexical.py
      hash: md5
      md5: d2f384bbf549a82eac195453d6d54f7f
      size: 3784
    - path: src/raglaw/retrieval/lookup.py
      hash: md5
      md5: 03d84fb13db06433db3fa8482069e1c4
      size: 3253
    - path: src/raglaw/retrieval/manifest.py
      hash: md5
      md5: 4a09952026421d73f918cb65aecacf06
      size: 2263
    - path: src/raglaw/retrieval/rerank.py
      hash: md5
      md5: a8299dca5f22da75986718022311c453
      size: 1629
    - path: src/raglaw/retrieval/retriever.py
      hash: md5
      md5: 1aba2f17b8ac28b0e66450cc340f4449
      size: 13593
    - path: src/raglaw/retrieval/scoring.py
      hash: md5
      md5: 01db56ffbf6ae4fed52f0d5d8fe442be
      size: 15756
    - path: src/raglaw/retrieval/tokenize.py
      hash: md5
      md5: f8b0a5f00d1afce2a4b45dd4f7a46d4b
      size: 4195
    - path: src/raglaw/text/normalize.py
      hash: md5
      md5: a939c9592ed1cc3d8eb0d84e68e51363
      size: 2457
    params:
      params.yaml:
        chunking:
          strategy: structural
          max_chars: 1000
          semantic:
            breakpoint_percentile: 90
          repealed: per_article
        embedding:
          model: BAAI/bge-m3
          revision: 5617a9f61b028005a4858fdac845db406aefb181
          batch_size: 32
        evaluation:
          split: tuning
          target_recall_at_5: 0.9
        reranker:
          model: BAAI/bge-reranker-v2-m3
          revision: 953dc6f6f85a1b2dbfca4c34a2796e7dde08d41e
          max_length: 1024
          batch_size: 8
        retrieval:
          document_text: both_with_headings
          bm25_tokenizer: words
          bm25_stopwords: none
          repealed_text: note
        search:
          mode: hybrid
          article_lookup: true
          candidates: 50
          rrf_k: 60
          top_k: 10
          rerank: true
          rerank_depth: 30
          cite_expansion: false
    outs:
    - path: docs/metrics/retrieval.json
      hash: md5
      md5: 947c505407f137f9d1119b9d00af1e6a
      size: 4445
    - path: docs/reports/retrieval_misses.md
      hash: md5
      md5: 7cc67db7133ad0832171e6350f4a0415
      size: 9526
    - path: docs/reports/retrieval_questions.json
      hash: md5
      md5: cbb2744bd5ecc9e3e87d5a7e8fb679bf
      size: 46043
