schema: '2.0'
stages:
  profile:
    cmd: python -m raglaw.ingest.profile
    deps:
    - path: data/raw/civil_code.pdf
      hash: md5
      md5: 5086ef5f16f15d856278db943e58e948
      size: 2599703
    - path: src/raglaw/ingest/measure.py
      hash: md5
      md5: 230917a4998ec7b84552a75cf781b815
      size: 26149
    - path: src/raglaw/ingest/profile.py
      hash: md5
      md5: 77e4be8715b2d095796758a37ed05bff
      size: 7982
    - path: src/raglaw/ingest/table.py
      hash: md5
      md5: 05a4471486a1aaeb841df68eabcee045
      size: 3269
    outs:
    - path: docs/analysis/source_pdf
      hash: md5
      md5: ab97943993e87ed647ea51558546477c.dir
      size: 74128
      nfiles: 9
    - path: docs/metrics/source_profile.json
      hash: md5
      md5: 22cd96bdadc5ca4c6c791968fe98af59
      size: 657
